Microsoft Visual Studio Solution File, Format Version 12.00
# Visual Studio Version 17
VisualStudioVersion = 17.5.2.0
MinimumVisualStudioVersion = 10.0.40219.1
Project("{2150E333-8FDC-42A3-9474-1A3956D46DE8}") = "output", "output", "{A4D170B3-E0F7-660F-F7DC-655DD9B0CAA3}"
EndProject
Project("{2150E333-8FDC-42A3-9474-1A3956D46DE8}") = "src", "src", "{29B3E9CE-EE9B-C2E9-EBEF-F11CD2D81375}"
EndProject
Project("{FAE04EC0-301F-11D3-BF4B-00C04F79EFBC}") = "ApiApp", "output\src\ApiApp\ApiApp.csproj", "{661B9704-C291-790E-E5B0-F137B9D7796A}"
EndProject
Global
	GlobalSection(SolutionConfigurationPlatforms) = preSolution
		Debug|Any CPU = Debug|Any CPU
		Release|Any CPU = Release|Any CPU
	EndGlobalSection
	GlobalSection(ProjectConfigurationPlatforms) = postSolution
		{661B9704-C291-790E-E5B0-F137B9D7796A}.Debug|Any CPU.ActiveCfg = Debug|Any CPU
		{661B9704-C291-790E-E5B0-F137B9D7796A}.Debug|Any CPU.Build.0 = Debug|Any CPU
		{661B9704-C291-790E-E5B0-F137B9D7796A}.Release|Any CPU.ActiveCfg = Release|Any CPU
		{661B9704-C291-790E-E5B0-F137B9D7796A}.Release|Any CPU.Build.0 = Release|Any CPU
	EndGlobalSection
	GlobalSection(SolutionProperties) = preSolution
		HideSolutionNode = FALSE
	EndGlobalSection
	GlobalSection(NestedProjects) = preSolution
		{29B3E9CE-EE9B-C2E9-EBEF-F11CD2D81375} = {A4D170B3-E0F7-660F-F7DC-655DD9B0CAA3}
		{661B9704-C291-790E-E5B0-F137B9D7796A} = {29B3E9CE-EE9B-C2E9-EBEF-F11CD2D81375}
	EndGlobalSection
	GlobalSection(ExtensibilityGlobals) = postSolution
		SolutionGuid = {1990692D-E30D-4D33-977B-58E242EF402A}
	EndGlobalSection
EndGlobal
