Microsoft Visual Studio Solution File, Format Version 12.00
# Visual Studio Version 17
VisualStudioVersion = 17.5.2.0
MinimumVisualStudioVersion = 10.0.40219.1
Project("{2150E333-8FDC-42A3-9474-1A3956D46DE8}") = "output", "output", "{A4D170B3-E0F7-660F-F7DC-655DD9B0CAA3}"
EndProject
Project("{2150E333-8FDC-42A3-9474-1A3956D46DE8}") = "src", "src", "{29B3E9CE-EE9B-C2E9-EBEF-F11CD2D81375}"
EndProject
Project("{FAE04EC0-301F-11D3-BF4B-00C04F79EFBC}") = "ApiApp", "output\src\ApiApp\ApiApp.csproj", "{661B9704-C291-790E-E5B0-F137B9D7796A}"
EndProject
Project("{FAE04EC0-301F-11D3-BF4B-00C04F79EFBC}") = "WebApp", "output\src\WebApp\WebApp.csproj", "{662ABA8E-1B3C-AA21-21FD-C7C9316495A4}"
EndProject
Project("{2150E333-8FDC-42A3-9474-1A3956D46DE8}") = "test", "test", "{325BA0B5-7EF8-8910-57E8-D18684A571AC}"
EndProject
Project("{2150E333-8FDC-42A3-9474-1A3956D46DE8}") = "e2e", "e2e", "{813FB4A7-97CA-016C-3DCD-B7070717783D}"
EndProject
Project("{FAE04EC0-301F-11D3-BF4B-00C04F79EFBC}") = "E2ETests", "output\test\e2e\E2ETests.csproj", "{8BF6A6E2-038F-7E1E-2A1E-AE187F5C18F4}"
EndProject
Project("{2150E333-8FDC-42A3-9474-1A3956D46DE8}") = "unit", "unit", "{AC5D9861-487A-40AF-8357-8595807B99E0}"
EndProject
Project("{FAE04EC0-301F-11D3-BF4B-00C04F79EFBC}") = "ApiApp.Tests", "output\test\unit\ApiApp.Tests.csproj", "{F3C42F9D-B363-80E9-CFBA-AC15BA6B3290}"
EndProject
Global
	GlobalSection(SolutionConfigurationPlatforms) = preSolution
		Debug|Any CPU = Debug|Any CPU
		Release|Any CPU = Release|Any CPU
	EndGlobalSection
	GlobalSection(ProjectConfigurationPlatforms) = postSolution
		{661B9704-C291-790E-E5B0-F137B9D7796A}.Debug|Any CPU.ActiveCfg = Debug|Any CPU
		{661B9704-C291-790E-E5B0-F137B9D7796A}.Debug|Any CPU.Build.0 = Debug|Any CPU
		{661B9704-C291-790E-E5B0-F137B9D7796A}.Release|Any CPU.ActiveCfg = Release|Any CPU
		{661B9704-C291-790E-E5B0-F137B9D7796A}.Release|Any CPU.Build.0 = Release|Any CPU
		{662ABA8E-1B3C-AA21-21FD-C7C9316495A4}.Debug|Any CPU.ActiveCfg = Debug|Any CPU
		{662ABA8E-1B3C-AA21-21FD-C7C9316495A4}.Debug|Any CPU.Build.0 = Debug|Any CPU
		{662ABA8E-1B3C-AA21-21FD-C7C9316495A4}.Release|Any CPU.ActiveCfg = Release|Any CPU
		{662ABA8E-1B3C-AA21-21FD-C7C9316495A4}.Release|Any CPU.Build.0 = Release|Any CPU
		{8BF6A6E2-038F-7E1E-2A1E-AE187F5C18F4}.Debug|Any CPU.ActiveCfg = Debug|Any CPU
		{8BF6A6E2-038F-7E1E-2A1E-AE187F5C18F4}.Debug|Any CPU.Build.0 = Debug|Any CPU
		{8BF6A6E2-038F-7E1E-2A1E-AE187F5C18F4}.Release|Any CPU.ActiveCfg = Release|Any CPU
		{8BF6A6E2-038F-7E1E-2A1E-AE187F5C18F4}.Release|Any CPU.Build.0 = Release|Any CPU
		{F3C42F9D-B363-80E9-CFBA-AC15BA6B3290}.Debug|Any CPU.ActiveCfg = Debug|Any CPU
		{F3C42F9D-B363-80E9-CFBA-AC15BA6B3290}.Debug|Any CPU.Build.0 = Debug|Any CPU
		{F3C42F9D-B363-80E9-CFBA-AC15BA6B3290}.Release|Any CPU.ActiveCfg = Release|Any CPU
		{F3C42F9D-B363-80E9-CFBA-AC15BA6B3290}.Release|Any CPU.Build.0 = Release|Any CPU
	EndGlobalSection
	GlobalSection(SolutionProperties) = preSolution
		HideSolutionNode = FALSE
	EndGlobalSection
	GlobalSection(NestedProjects) = preSolution
		{29B3E9CE-EE9B-C2E9-EBEF-F11CD2D81375} = {A4D170B3-E0F7-660F-F7DC-655DD9B0CAA3}
		{661B9704-C291-790E-E5B0-F137B9D7796A} = {29B3E9CE-EE9B-C2E9-EBEF-F11CD2D81375}
		{662ABA8E-1B3C-AA21-21FD-C7C9316495A4} = {29B3E9CE-EE9B-C2E9-EBEF-F11CD2D81375}
		{325BA0B5-7EF8-8910-57E8-D18684A571AC} = {A4D170B3-E0F7-660F-F7DC-655DD9B0CAA3}
		{813FB4A7-97CA-016C-3DCD-B7070717783D} = {325BA0B5-7EF8-8910-57E8-D18684A571AC}
		{8BF6A6E2-038F-7E1E-2A1E-AE187F5C18F4} = {813FB4A7-97CA-016C-3DCD-B7070717783D}
		{AC5D9861-487A-40AF-8357-8595807B99E0} = {325BA0B5-7EF8-8910-57E8-D18684A571AC}
		{F3C42F9D-B363-80E9-CFBA-AC15BA6B3290} = {AC5D9861-487A-40AF-8357-8595807B99E0}
	EndGlobalSection
	GlobalSection(ExtensibilityGlobals) = postSolution
		SolutionGuid = {847CE1A1-E1B3-4517-AED9-D69F586C821C}
	EndGlobalSection
EndGlobal
